
Microsoft Visual Studio Solution File, Format Version 12.00
# Visual Studio Version 17
VisualStudioVersion = 17.9.34714.143
MinimumVisualStudioVersion = 10.0.40219.1
Project("{FAE04EC0-301F-11D3-BF4B-00C04F79EFBC}") = "FileGuardApplication", "FileGuardApplication\FileGuardApplication.csproj", "{21521FF6-293F-4E76-8C5F-7540A49A80A7}"
EndProject
Global
	GlobalSection(SolutionConfigurationPlatforms) = preSolution
		Debug|Any CPU = Debug|Any CPU
		Release|Any CPU = Release|Any CPU
	EndGlobalSection
	GlobalSection(ProjectConfigurationPlatforms) = postSolution
		{21521FF6-293F-4E76-8C5F-7540A49A80A7}.Debug|Any CPU.ActiveCfg = Debug|Any CPU
		{21521FF6-293F-4E76-8C5F-7540A49A80A7}.Debug|Any CPU.Build.0 = Debug|Any CPU
		{21521FF6-293F-4E76-8C5F-7540A49A80A7}.Release|Any CPU.ActiveCfg = Release|Any CPU
		{21521FF6-293F-4E76-8C5F-7540A49A80A7}.Release|Any CPU.Build.0 = Release|Any CPU
	EndGlobalSection
	GlobalSection(SolutionProperties) = preSolution
		HideSolutionNode = FALSE
	EndGlobalSection
	GlobalSection(ExtensibilityGlobals) = postSolution
		SolutionGuid = {2DF93902-D2BE-44DF-B78E-A336C4133936}
	EndGlobalSection
EndGlobal
